{
  "name": "@yqstart-cli/exec",
  "version": "1.0.1",
  "lockfileVersion": 3,
  "requires": true,
  "packages": {
    "": {
      "name": "@yqstart-cli/exec",
      "version": "1.0.1",
      "license": "ISC",
      "dependencies": {
        "@yqstart-cli/log": "file:../../utils/package",
        "@yqstart-cli/package": "file:../../models/package"
      }
    },
    "../../models/package": {
      "name": "@yqstart-cli/package",
      "version": "1.0.1",
      "license": "ISC"
    },
    "../../utils/package": {},
    "node_modules/@yqstart-cli/log": {
      "resolved": "../../utils/package",
      "link": true
    },
    "node_modules/@yqstart-cli/package": {
      "resolved": "../../models/package",
      "link": true
    }
  }
}
